// !$*UTF8*$!
{
	archiveVersion = 1;
	classes = {
	};
	objectVersion = 50;
	objects = {

/* Begin PBXBuildFile section */
		B9F6A5CA2212FCF1003495A2 /* AppDelegate.swift in Sources */ = {isa = PBXBuildFile; fileRef = B9F6A5C92212FCF1003495A2 /* AppDelegate.swift */; };
		B9F6A5CC2212FCF1003495A2 /* ViewController.swift in Sources */ = {isa = PBXBuildFile; fileRef = B9F6A5CB2212FCF1003495A2 /* ViewController.swift */; };
		B9F6A5CF2212FCF1003495A2 /* Main.storyboard in Resources */ = {isa = PBXBuildFile; fileRef = B9F6A5CD2212FCF1003495A2 /* Main.storyboard */; };
		B9F6A5D12212FCF1003495A2 /* Assets.xcassets in Resources */ = {isa = PBXBuildFile; fileRef = B9F6A5D02212FCF1003495A2 /* Assets.xcassets */; };
		B9F6A5D42212FCF1003495A2 /* LaunchScreen.storyboard in Resources */ = {isa = PBXBuildFile; fileRef = B9F6A5D22212FCF1003495A2 /* LaunchScreen.storyboard */; };
		B9F6A5D92212FCF2003495A2 /* LunarPhaseSwift WatchKit App.app in Embed Watch Content */ = {isa = PBXBuildFile; fileRef = B9F6A5D82212FCF2003495A2 /* LunarPhaseSwift WatchKit App.app */; };
		B9F6A5DF2212FCF2003495A2 /* Interface.storyboard in Resources */ = {isa = PBXBuildFile; fileRef = B9F6A5DD2212FCF2003495A2 /* Interface.storyboard */; };
		B9F6A5E12212FCF2003495A2 /* Assets.xcassets in Resources */ = {isa = PBXBuildFile; fileRef = B9F6A5E02212FCF2003495A2 /* Assets.xcassets */; };
		B9F6A5E82212FCF2003495A2 /* LunarPhaseSwift WatchKit Extension.appex in Embed App Extensions */ = {isa = PBXBuildFile; fileRef = B9F6A5E72212FCF2003495A2 /* LunarPhaseSwift WatchKit Extension.appex */; settings = {ATTRIBUTES = (RemoveHeadersOnCopy, ); }; };
		B9F6A5ED2212FCF2003495A2 /* InterfaceController.swift in Sources */ = {isa = PBXBuildFile; fileRef = B9F6A5EC2212FCF2003495A2 /* InterfaceController.swift */; };
		B9F6A5EF2212FCF2003495A2 /* ExtensionDelegate.swift in Sources */ = {isa = PBXBuildFile; fileRef = B9F6A5EE2212FCF2003495A2 /* ExtensionDelegate.swift */; };
		B9F6A5F12212FCF2003495A2 /* NotificationController.swift in Sources */ = {isa = PBXBuildFile; fileRef = B9F6A5F02212FCF2003495A2 /* NotificationController.swift */; };
		B9F6A5F32212FCF2003495A2 /* ComplicationController.swift in Sources */ = {isa = PBXBuildFile; fileRef = B9F6A5F22212FCF2003495A2 /* ComplicationController.swift */; };
		B9F6A5F52212FCF3003495A2 /* Assets.xcassets in Resources */ = {isa = PBXBuildFile; fileRef = B9F6A5F42212FCF3003495A2 /* Assets.xcassets */; };
/* End PBXBuildFile section */

/* Begin PBXContainerItemProxy section */
		B9F6A5DA2212FCF2003495A2 /* PBXContainerItemProxy */ = {
			isa = PBXContainerItemProxy;
			containerPortal = B9F6A5BE2212FCF1003495A2 /* Project object */;
			proxyType = 1;
			remoteGlobalIDString = B9F6A5D72212FCF2003495A2;
			remoteInfo = "LunarPhaseSwift WatchKit App";
		};
		B9F6A5E92212FCF2003495A2 /* PBXContainerItemProxy */ = {
			isa = PBXContainerItemProxy;
			containerPortal = B9F6A5BE2212FCF1003495A2 /* Project object */;
			proxyType = 1;
			remoteGlobalIDString = B9F6A5E62212FCF2003495A2;
			remoteInfo = "LunarPhaseSwift WatchKit Extension";
		};
/* End PBXContainerItemProxy section */

/* Begin PBXCopyFilesBuildPhase section */
		B9F6A5FD2212FCF3003495A2 /* Embed App Extensions */ = {
			isa = PBXCopyFilesBuildPhase;
			buildActionMask = 2147483647;
			dstPath = "";
			dstSubfolderSpec = 13;
			files = (
				B9F6A5E82212FCF2003495A2 /* LunarPhaseSwift WatchKit Extension.appex in Embed App Extensions */,
			);
			name = "Embed App Extensions";
			runOnlyForDeploymentPostprocessing = 0;
		};
		B9F6A6012212FCF3003495A2 /* Embed Watch Content */ = {
			isa = PBXCopyFilesBuildPhase;
			buildActionMask = 2147483647;
			dstPath = "$(CONTENTS_FOLDER_PATH)/Watch";
			dstSubfolderSpec = 16;
			files = (
				B9F6A5D92212FCF2003495A2 /* LunarPhaseSwift WatchKit App.app in Embed Watch Content */,
			);
			name = "Embed Watch Content";
			runOnlyForDeploymentPostprocessing = 0;
		};
/* End PBXCopyFilesBuildPhase section */

/* Begin PBXFileReference section */
		B9F6A5C62212FCF1003495A2 /* LunarPhaseSwift.app */ = {isa = PBXFileReference; explicitFileType = wrapper.application; includeInIndex = 0; path = LunarPhaseSwift.app; sourceTree = BUILT_PRODUCTS_DIR; };
		B9F6A5C92212FCF1003495A2 /* AppDelegate.swift */ = {isa = PBXFileReference; lastKnownFileType = sourcecode.swift; path = AppDelegate.swift; sourceTree = "<group>"; };
		B9F6A5CB2212FCF1003495A2 /* ViewController.swift */ = {isa = PBXFileReference; lastKnownFileType = sourcecode.swift; path = ViewController.swift; sourceTree = "<group>"; };
		B9F6A5CE2212FCF1003495A2 /* Base */ = {isa = PBXFileReference; lastKnownFileType = file.storyboard; name = Base; path = Base.lproj/Main.storyboard; sourceTree = "<group>"; };
		B9F6A5D02212FCF1003495A2 /* Assets.xcassets */ = {isa = PBXFileReference; lastKnownFileType = folder.assetcatalog; path = Assets.xcassets; sourceTree = "<group>"; };
		B9F6A5D32212FCF1003495A2 /* Base */ = {isa = PBXFileReference; lastKnownFileType = file.storyboard; name = Base; path = Base.lproj/LaunchScreen.storyboard; sourceTree = "<group>"; };
		B9F6A5D52212FCF1003495A2 /* Info.plist */ = {isa = PBXFileReference; lastKnownFileType = text.plist.xml; path = Info.plist; sourceTree = "<group>"; };
		B9F6A5D82212FCF2003495A2 /* LunarPhaseSwift WatchKit App.app */ = {isa = PBXFileReference; explicitFileType = wrapper.application; includeInIndex = 0; path = "LunarPhaseSwift WatchKit App.app"; sourceTree = BUILT_PRODUCTS_DIR; };
		B9F6A5DE2212FCF2003495A2 /* Base */ = {isa = PBXFileReference; lastKnownFileType = file.storyboard; name = Base; path = Base.lproj/Interface.storyboard; sourceTree = "<group>"; };
		B9F6A5E02212FCF2003495A2 /* Assets.xcassets */ = {isa = PBXFileReference; lastKnownFileType = folder.assetcatalog; path = Assets.xcassets; sourceTree = "<group>"; };
		B9F6A5E22212FCF2003495A2 /* Info.plist */ = {isa = PBXFileReference; lastKnownFileType = text.plist.xml; path = Info.plist; sourceTree = "<group>"; };
		B9F6A5E72212FCF2003495A2 /* LunarPhaseSwift WatchKit Extension.appex */ = {isa = PBXFileReference; explicitFileType = "wrapper.app-extension"; includeInIndex = 0; path = "LunarPhaseSwift WatchKit Extension.appex"; sourceTree = BUILT_PRODUCTS_DIR; };
		B9F6A5EC2212FCF2003495A2 /* InterfaceController.swift */ = {isa = PBXFileReference; lastKnownFileType = sourcecode.swift; path = InterfaceController.swift; sourceTree = "<group>"; };
		B9F6A5EE2212FCF2003495A2 /* ExtensionDelegate.swift */ = {isa = PBXFileReference; lastKnownFileType = sourcecode.swift; path = ExtensionDelegate.swift; sourceTree = "<group>"; };
		B9F6A5F02212FCF2003495A2 /* NotificationController.swift */ = {isa = PBXFileReference; lastKnownFileType = sourcecode.swift; path = NotificationController.swift; sourceTree = "<group>"; };
		B9F6A5F22212FCF2003495A2 /* ComplicationController.swift */ = {isa = PBXFileReference; lastKnownFileType = sourcecode.swift; path = ComplicationController.swift; sourceTree = "<group>"; };
		B9F6A5F42212FCF3003495A2 /* Assets.xcassets */ = {isa = PBXFileReference; lastKnownFileType = folder.assetcatalog; path = Assets.xcassets; sourceTree = "<group>"; };
		B9F6A5F62212FCF3003495A2 /* Info.plist */ = {isa = PBXFileReference; lastKnownFileType = text.plist.xml; path = Info.plist; sourceTree = "<group>"; };
		B9F6A5F72212FCF3003495A2 /* PushNotificationPayload.apns */ = {isa = PBXFileReference; lastKnownFileType = text; path = PushNotificationPayload.apns; sourceTree = "<group>"; };
/* End PBXFileReference section */

/* Begin PBXFrameworksBuildPhase section */
		B9F6A5C32212FCF1003495A2 /* Frameworks */ = {
			isa = PBXFrameworksBuildPhase;
			buildActionMask = 2147483647;
			files = (
			);
			runOnlyForDeploymentPostprocessing = 0;
		};
		B9F6A5E42212FCF2003495A2 /* Frameworks */ = {
			isa = PBXFrameworksBuildPhase;
			buildActionMask = 2147483647;
			files = (
			);
			runOnlyForDeploymentPostprocessing = 0;
		};
/* End PBXFrameworksBuildPhase section */

/* Begin PBXGroup section */
		B9F6A5BD2212FCF1003495A2 = {
			isa = PBXGroup;
			children = (
				B9F6A5C82212FCF1003495A2 /* LunarPhaseSwift */,
				B9F6A5DC2212FCF2003495A2 /* LunarPhaseSwift WatchKit App */,
				B9F6A5EB2212FCF2003495A2 /* LunarPhaseSwift WatchKit Extension */,
				B9F6A5C72212FCF1003495A2 /* Products */,
			);
			sourceTree = "<group>";
		};
		B9F6A5C72212FCF1003495A2 /* Products */ = {
			isa = PBXGroup;
			children = (
				B9F6A5C62212FCF1003495A2 /* LunarPhaseSwift.app */,
				B9F6A5D82212FCF2003495A2 /* LunarPhaseSwift WatchKit App.app */,
				B9F6A5E72212FCF2003495A2 /* LunarPhaseSwift WatchKit Extension.appex */,
			);
			name = Products;
			sourceTree = "<group>";
		};
		B9F6A5C82212FCF1003495A2 /* LunarPhaseSwift */ = {
			isa = PBXGroup;
			children = (
				B9F6A5C92212FCF1003495A2 /* AppDelegate.swift */,
				B9F6A5CB2212FCF1003495A2 /* ViewController.swift */,
				B9F6A5CD2212FCF1003495A2 /* Main.storyboard */,
				B9F6A5D02212FCF1003495A2 /* Assets.xcassets */,
				B9F6A5D22212FCF1003495A2 /* LaunchScreen.storyboard */,
				B9F6A5D52212FCF1003495A2 /* Info.plist */,
			);
			path = LunarPhaseSwift;
			sourceTree = "<group>";
		};
		B9F6A5DC2212FCF2003495A2 /* LunarPhaseSwift WatchKit App */ = {
			isa = PBXGroup;
			children = (
				B9F6A5DD2212FCF2003495A2 /* Interface.storyboard */,
				B9F6A5E02212FCF2003495A2 /* Assets.xcassets */,
				B9F6A5E22212FCF2003495A2 /* Info.plist */,
			);
			path = "LunarPhaseSwift WatchKit App";
			sourceTree = "<group>";
		};
		B9F6A5EB2212FCF2003495A2 /* LunarPhaseSwift WatchKit Extension */ = {
			isa = PBXGroup;
			children = (
				B9F6A5EC2212FCF2003495A2 /* InterfaceController.swift */,
				B9F6A5EE2212FCF2003495A2 /* ExtensionDelegate.swift */,
				B9F6A5F02212FCF2003495A2 /* NotificationController.swift */,
				B9F6A5F22212FCF2003495A2 /* ComplicationController.swift */,
				B9F6A5F42212FCF3003495A2 /* Assets.xcassets */,
				B9F6A5F62212FCF3003495A2 /* Info.plist */,
				B9F6A5F72212FCF3003495A2 /* PushNotificationPayload.apns */,
			);
			path = "LunarPhaseSwift WatchKit Extension";
			sourceTree = "<group>";
		};
/* End PBXGroup section */

/* Begin PBXNativeTarget section */
		B9F6A5C52212FCF1003495A2 /* LunarPhaseSwift */ = {
			isa = PBXNativeTarget;
			buildConfigurationList = B9F6A6022212FCF3003495A2 /* Build configuration list for PBXNativeTarget "LunarPhaseSwift" */;
			buildPhases = (
				B9F6A5C22212FCF1003495A2 /* Sources */,
				B9F6A5C32212FCF1003495A2 /* Frameworks */,
				B9F6A5C42212FCF1003495A2 /* Resources */,
				B9F6A6012212FCF3003495A2 /* Embed Watch Content */,
			);
			buildRules = (
			);
			dependencies = (
				B9F6A5DB2212FCF2003495A2 /* PBXTargetDependency */,
			);
			name = LunarPhaseSwift;
			productName = LunarPhaseSwift;
			productReference = B9F6A5C62212FCF1003495A2 /* LunarPhaseSwift.app */;
			productType = "com.apple.product-type.application";
		};
		B9F6A5D72212FCF2003495A2 /* LunarPhaseSwift WatchKit App */ = {
			isa = PBXNativeTarget;
			buildConfigurationList = B9F6A5FE2212FCF3003495A2 /* Build configuration list for PBXNativeTarget "LunarPhaseSwift WatchKit App" */;
			buildPhases = (
				B9F6A5D62212FCF2003495A2 /* Resources */,
				B9F6A5FD2212FCF3003495A2 /* Embed App Extensions */,
			);
			buildRules = (
			);
			dependencies = (
				B9F6A5EA2212FCF2003495A2 /* PBXTargetDependency */,
			);
			name = "LunarPhaseSwift WatchKit App";
			productName = "LunarPhaseSwift WatchKit App";
			productReference = B9F6A5D82212FCF2003495A2 /* LunarPhaseSwift WatchKit App.app */;
			productType = "com.apple.product-type.application.watchapp2";
		};
		B9F6A5E62212FCF2003495A2 /* LunarPhaseSwift WatchKit Extension */ = {
			isa = PBXNativeTarget;
			buildConfigurationList = B9F6A5FA2212FCF3003495A2 /* Build configuration list for PBXNativeTarget "LunarPhaseSwift WatchKit Extension" */;
			buildPhases = (
				B9F6A5E32212FCF2003495A2 /* Sources */,
				B9F6A5E42212FCF2003495A2 /* Frameworks */,
				B9F6A5E52212FCF2003495A2 /* Resources */,
			);
			buildRules = (
			);
			dependencies = (
			);
			name = "LunarPhaseSwift WatchKit Extension";
			productName = "LunarPhaseSwift WatchKit Extension";
			productReference = B9F6A5E72212FCF2003495A2 /* LunarPhaseSwift WatchKit Extension.appex */;
			productType = "com.apple.product-type.watchkit2-extension";
		};
/* End PBXNativeTarget section */

/* Begin PBXProject section */
		B9F6A5BE2212FCF1003495A2 /* Project object */ = {
			isa = PBXProject;
			attributes = {
				LastSwiftUpdateCheck = 1010;
				LastUpgradeCheck = 1010;
				ORGANIZATIONNAME = "The Life of a Demoniac";
				TargetAttributes = {
					B9F6A5C52212FCF1003495A2 = {
						CreatedOnToolsVersion = 10.1;
					};
					B9F6A5D72212FCF2003495A2 = {
						CreatedOnToolsVersion = 10.1;
					};
					B9F6A5E62212FCF2003495A2 = {
						CreatedOnToolsVersion = 10.1;
					};
				};
			};
			buildConfigurationList = B9F6A5C12212FCF1003495A2 /* Build configuration list for PBXProject "LunarPhaseSwift" */;
			compatibilityVersion = "Xcode 9.3";
			developmentRegion = en;
			hasScannedForEncodings = 0;
			knownRegions = (
				en,
				Base,
			);
			mainGroup = B9F6A5BD2212FCF1003495A2;
			productRefGroup = B9F6A5C72212FCF1003495A2 /* Products */;
			projectDirPath = "";
			projectRoot = "";
			targets = (
				B9F6A5C52212FCF1003495A2 /* LunarPhaseSwift */,
				B9F6A5D72212FCF2003495A2 /* LunarPhaseSwift WatchKit App */,
				B9F6A5E62212FCF2003495A2 /* LunarPhaseSwift WatchKit Extension */,
			);
		};
/* End PBXProject section */

/* Begin PBXResourcesBuildPhase section */
		B9F6A5C42212FCF1003495A2 /* Resources */ = {
			isa = PBXResourcesBuildPhase;
			buildActionMask = 2147483647;
			files = (
				B9F6A5D42212FCF1003495A2 /* LaunchScreen.storyboard in Resources */,
				B9F6A5D12212FCF1003495A2 /* Assets.xcassets in Resources */,
				B9F6A5CF2212FCF1003495A2 /* Main.storyboard in Resources */,
			);
			runOnlyForDeploymentPostprocessing = 0;
		};
		B9F6A5D62212FCF2003495A2 /* Resources */ = {
			isa = PBXResourcesBuildPhase;
			buildActionMask = 2147483647;
			files = (
				B9F6A5E12212FCF2003495A2 /* Assets.xcassets in Resources */,
				B9F6A5DF2212FCF2003495A2 /* Interface.storyboard in Resources */,
			);
			runOnlyForDeploymentPostprocessing = 0;
		};
		B9F6A5E52212FCF2003495A2 /* Resources */ = {
			isa = PBXResourcesBuildPhase;
			buildActionMask = 2147483647;
			files = (
				B9F6A5F52212FCF3003495A2 /* Assets.xcassets in Resources */,
			);
			runOnlyForDeploymentPostprocessing = 0;
		};
/* End PBXResourcesBuildPhase section */

/* Begin PBXSourcesBuildPhase section */
		B9F6A5C22212FCF1003495A2 /* Sources */ = {
			isa = PBXSourcesBuildPhase;
			buildActionMask = 2147483647;
			files = (
				B9F6A5CC2212FCF1003495A2 /* ViewController.swift in Sources */,
				B9F6A5CA2212FCF1003495A2 /* AppDelegate.swift in Sources */,
			);
			runOnlyForDeploymentPostprocessing = 0;
		};
		B9F6A5E32212FCF2003495A2 /* Sources */ = {
			isa = PBXSourcesBuildPhase;
			buildActionMask = 2147483647;
			files = (
				B9F6A5F12212FCF2003495A2 /* NotificationController.swift in Sources */,
				B9F6A5F32212FCF2003495A2 /* ComplicationController.swift in Sources */,
				B9F6A5EF2212FCF2003495A2 /* ExtensionDelegate.swift in Sources */,
				B9F6A5ED2212FCF2003495A2 /* InterfaceController.swift in Sources */,
			);
			runOnlyForDeploymentPostprocessing = 0;
		};
/* End PBXSourcesBuildPhase section */

/* Begin PBXTargetDependency section */
		B9F6A5DB2212FCF2003495A2 /* PBXTargetDependency */ = {
			isa = PBXTargetDependency;
			target = B9F6A5D72212FCF2003495A2 /* LunarPhaseSwift WatchKit App */;
			targetProxy = B9F6A5DA2212FCF2003495A2 /* PBXContainerItemProxy */;
		};
		B9F6A5EA2212FCF2003495A2 /* PBXTargetDependency */ = {
			isa = PBXTargetDependency;
			target = B9F6A5E62212FCF2003495A2 /* LunarPhaseSwift WatchKit Extension */;
			targetProxy = B9F6A5E92212FCF2003495A2 /* PBXContainerItemProxy */;
		};
/* End PBXTargetDependency section */

/* Begin PBXVariantGroup section */
		B9F6A5CD2212FCF1003495A2 /* Main.storyboard */ = {
			isa = PBXVariantGroup;
			children = (
				B9F6A5CE2212FCF1003495A2 /* Base */,
			);
			name = Main.storyboard;
			sourceTree = "<group>";
		};
		B9F6A5D22212FCF1003495A2 /* LaunchScreen.storyboard */ = {
			isa = PBXVariantGroup;
			children = (
				B9F6A5D32212FCF1003495A2 /* Base */,
			);
			name = LaunchScreen.storyboard;
			sourceTree = "<group>";
		};
		B9F6A5DD2212FCF2003495A2 /* Interface.storyboard */ = {
			isa = PBXVariantGroup;
			children = (
				B9F6A5DE2212FCF2003495A2 /* Base */,
			);
			name = Interface.storyboard;
			sourceTree = "<group>";
		};
/* End PBXVariantGroup section */

/* Begin XCBuildConfiguration section */
		B9F6A5F82212FCF3003495A2 /* Debug */ = {
			isa = XCBuildConfiguration;
			buildSettings = {
				ALWAYS_SEARCH_USER_PATHS = NO;
				CLANG_ANALYZER_NONNULL = YES;
				CLANG_ANALYZER_NUMBER_OBJECT_CONVERSION = YES_AGGRESSIVE;
				CLANG_CXX_LANGUAGE_STANDARD = "gnu++14";
				CLANG_CXX_LIBRARY = "libc++";
				CLANG_ENABLE_MODULES = YES;
				CLANG_ENABLE_OBJC_ARC = YES;
				CLANG_ENABLE_OBJC_WEAK = YES;
				CLANG_WARN_BLOCK_CAPTURE_AUTORELEASING = YES;
				CLANG_WARN_BOOL_CONVERSION = YES;
				CLANG_WARN_COMMA = YES;
				CLANG_WARN_CONSTANT_CONVERSION = YES;
				CLANG_WARN_DEPRECATED_OBJC_IMPLEMENTATIONS = YES;
				CLANG_WARN_DIRECT_OBJC_ISA_USAGE = YES_ERROR;
				CLANG_WARN_DOCUMENTATION_COMMENTS = YES;
				CLANG_WARN_EMPTY_BODY = YES;
				CLANG_WARN_ENUM_CONVERSION = YES;
				CLANG_WARN_INFINITE_RECURSION = YES;
				CLANG_WARN_INT_CONVERSION = YES;
				CLANG_WARN_NON_LITERAL_NULL_CONVERSION = YES;
				CLANG_WARN_OBJC_IMPLICIT_RETAIN_SELF = YES;
				CLANG_WARN_OBJC_LITERAL_CONVERSION = YES;
				CLANG_WARN_OBJC_ROOT_CLASS = YES_ERROR;
				CLANG_WARN_RANGE_LOOP_ANALYSIS = YES;
				CLANG_WARN_STRICT_PROTOTYPES = YES;
				CLANG_WARN_SUSPICIOUS_MOVE = YES;
				CLANG_WARN_UNGUARDED_AVAILABILITY = YES_AGGRESSIVE;
				CLANG_WARN_UNREACHABLE_CODE = YES;
				CLANG_WARN__DUPLICATE_METHOD_MATCH = YES;
				CODE_SIGN_IDENTITY = "iPhone Developer";
				COPY_PHASE_STRIP = NO;
				DEBUG_INFORMATION_FORMAT = dwarf;
				ENABLE_STRICT_OBJC_MSGSEND = YES;
				ENABLE_TESTABILITY = YES;
				GCC_C_LANGUAGE_STANDARD = gnu11;
				GCC_DYNAMIC_NO_PIC = NO;
				GCC_NO_COMMON_BLOCKS = YES;
				GCC_OPTIMIZATION_LEVEL = 0;
				GCC_PREPROCESSOR_DEFINITIONS = (
					"DEBUG=1",
					"$(inherited)",
				);
				GCC_WARN_64_TO_32_BIT_CONVERSION = YES;
				GCC_WARN_ABOUT_RETURN_TYPE = YES_ERROR;
				GCC_WARN_UNDECLARED_SELECTOR = YES;
				GCC_WARN_UNINITIALIZED_AUTOS = YES_AGGRESSIVE;
				GCC_WARN_UNUSED_FUNCTION = YES;
				GCC_WARN_UNUSED_VARIABLE = YES;
				IPHONEOS_DEPLOYMENT_TARGET = 12.1;
				MTL_ENABLE_DEBUG_INFO = INCLUDE_SOURCE;
				MTL_FAST_MATH = YES;
				ONLY_ACTIVE_ARCH = YES;
				SDKROOT = iphoneos;
				SWIFT_ACTIVE_COMPILATION_CONDITIONS = DEBUG;
				SWIFT_OPTIMIZATION_LEVEL = "-Onone";
			};
			name = Debug;
		};
		B9F6A5F92212FCF3003495A2 /* Release */ = {
			isa = XCBuildConfiguration;
			buildSettings = {
				ALWAYS_SEARCH_USER_PATHS = NO;
				CLANG_ANALYZER_NONNULL = YES;
				CLANG_ANALYZER_NUMBER_OBJECT_CONVERSION = YES_AGGRESSIVE;
				CLANG_CXX_LANGUAGE_STANDARD = "gnu++14";
				CLANG_CXX_LIBRARY = "libc++";
				CLANG_ENABLE_MODULES = YES;
				CLANG_ENABLE_OBJC_ARC = YES;
				CLANG_ENABLE_OBJC_WEAK = YES;
				CLANG_WARN_BLOCK_CAPTURE_AUTORELEASING = YES;
				CLANG_WARN_BOOL_CONVERSION = YES;
				CLANG_WARN_COMMA = YES;
				CLANG_WARN_CONSTANT_CONVERSION = YES;
				CLANG_WARN_DEPRECATED_OBJC_IMPLEMENTATIONS = YES;
				CLANG_WARN_DIRECT_OBJC_ISA_USAGE = YES_ERROR;
				CLANG_WARN_DOCUMENTATION_COMMENTS = YES;
				CLANG_WARN_EMPTY_BODY = YES;
				CLANG_WARN_ENUM_CONVERSION = YES;
				CLANG_WARN_INFINITE_RECURSION = YES;
				CLANG_WARN_INT_CONVERSION = YES;
				CLANG_WARN_NON_LITERAL_NULL_CONVERSION = YES;
				CLANG_WARN_OBJC_IMPLICIT_RETAIN_SELF = YES;
				CLANG_WARN_OBJC_LITERAL_CONVERSION = YES;
				CLANG_WARN_OBJC_ROOT_CLASS = YES_ERROR;
				CLANG_WARN_RANGE_LOOP_ANALYSIS = YES;
				CLANG_WARN_STRICT_PROTOTYPES = YES;
				CLANG_WARN_SUSPICIOUS_MOVE = YES;
				CLANG_WARN_UNGUARDED_AVAILABILITY = YES_AGGRESSIVE;
				CLANG_WARN_UNREACHABLE_CODE = YES;
				CLANG_WARN__DUPLICATE_METHOD_MATCH = YES;
				CODE_SIGN_IDENTITY = "iPhone Developer";
				COPY_PHASE_STRIP = NO;
				DEBUG_INFORMATION_FORMAT = "dwarf-with-dsym";
				ENABLE_NS_ASSERTIONS = NO;
				ENABLE_STRICT_OBJC_MSGSEND = YES;
				GCC_C_LANGUAGE_STANDARD = gnu11;
				GCC_NO_COMMON_BLOCKS = YES;
				GCC_WARN_64_TO_32_BIT_CONVERSION = YES;
				GCC_WARN_ABOUT_RETURN_TYPE = YES_ERROR;
				GCC_WARN_UNDECLARED_SELECTOR = YES;
				GCC_WARN_UNINITIALIZED_AUTOS = YES_AGGRESSIVE;
				GCC_WARN_UNUSED_FUNCTION = YES;
				GCC_WARN_UNUSED_VARIABLE = YES;
				IPHONEOS_DEPLOYMENT_TARGET = 12.1;
				MTL_ENABLE_DEBUG_INFO = NO;
				MTL_FAST_MATH = YES;
				SDKROOT = iphoneos;
				SWIFT_COMPILATION_MODE = wholemodule;
				SWIFT_OPTIMIZATION_LEVEL = "-O";
				VALIDATE_PRODUCT = YES;
			};
			name = Release;
		};
		B9F6A5FB2212FCF3003495A2 /* Debug */ = {
			isa = XCBuildConfiguration;
			buildSettings = {
				ASSETCATALOG_COMPILER_COMPLICATION_NAME = Complication;
				CODE_SIGN_STYLE = Automatic;
				DEVELOPMENT_TEAM = N9987K9442;
				INFOPLIST_FILE = "LunarPhaseSwift WatchKit Extension/Info.plist";
				LD_RUNPATH_SEARCH_PATHS = (
					"$(inherited)",
					"@executable_path/Frameworks",
					"@executable_path/../../Frameworks",
				);
				PRODUCT_BUNDLE_IDENTIFIER = com.blogspot.demonicactivity.bush.alan.james.LunarPhaseSwift.watchkitapp.watchkitextension;
				PRODUCT_NAME = "${TARGET_NAME}";
				SDKROOT = watchos;
				SKIP_INSTALL = YES;
				SWIFT_VERSION = 4.2;
				TARGETED_DEVICE_FAMILY = 4;
				WATCHOS_DEPLOYMENT_TARGET = 5.1;
			};
			name = Debug;
		};
		B9F6A5FC2212FCF3003495A2 /* Release */ = {
			isa = XCBuildConfiguration;
			buildSettings = {
				ASSETCATALOG_COMPILER_COMPLICATION_NAME = Complication;
				CODE_SIGN_STYLE = Automatic;
				DEVELOPMENT_TEAM = N9987K9442;
				INFOPLIST_FILE = "LunarPhaseSwift WatchKit Extension/Info.plist";
				LD_RUNPATH_SEARCH_PATHS = (
					"$(inherited)",
					"@executable_path/Frameworks",
					"@executable_path/../../Frameworks",
				);
				PRODUCT_BUNDLE_IDENTIFIER = com.blogspot.demonicactivity.bush.alan.james.LunarPhaseSwift.watchkitapp.watchkitextension;
				PRODUCT_NAME = "${TARGET_NAME}";
				SDKROOT = watchos;
				SKIP_INSTALL = YES;
				SWIFT_VERSION = 4.2;
				TARGETED_DEVICE_FAMILY = 4;
				WATCHOS_DEPLOYMENT_TARGET = 5.1;
			};
			name = Release;
		};
		B9F6A5FF2212FCF3003495A2 /* Debug */ = {
			isa = XCBuildConfiguration;
			buildSettings = {
				ALWAYS_EMBED_SWIFT_STANDARD_LIBRARIES = YES;
				ASSETCATALOG_COMPILER_APPICON_NAME = AppIcon;
				CODE_SIGN_STYLE = Automatic;
				DEVELOPMENT_TEAM = N9987K9442;
				IBSC_MODULE = LunarPhaseSwift_WatchKit_Extension;
				INFOPLIST_FILE = "LunarPhaseSwift WatchKit App/Info.plist";
				PRODUCT_BUNDLE_IDENTIFIER = com.blogspot.demonicactivity.bush.alan.james.LunarPhaseSwift.watchkitapp;
				PRODUCT_NAME = "$(TARGET_NAME)";
				SDKROOT = watchos;
				SKIP_INSTALL = YES;
				SWIFT_VERSION = 4.2;
				TARGETED_DEVICE_FAMILY = 4;
				WATCHOS_DEPLOYMENT_TARGET = 5.1;
			};
			name = Debug;
		};
		B9F6A6002212FCF3003495A2 /* Release */ = {
			isa = XCBuildConfiguration;
			buildSettings = {
				ALWAYS_EMBED_SWIFT_STANDARD_LIBRARIES = YES;
				ASSETCATALOG_COMPILER_APPICON_NAME = AppIcon;
				CODE_SIGN_STYLE = Automatic;
				DEVELOPMENT_TEAM = N9987K9442;
				IBSC_MODULE = LunarPhaseSwift_WatchKit_Extension;
				INFOPLIST_FILE = "LunarPhaseSwift WatchKit App/Info.plist";
				PRODUCT_BUNDLE_IDENTIFIER = com.blogspot.demonicactivity.bush.alan.james.LunarPhaseSwift.watchkitapp;
				PRODUCT_NAME = "$(TARGET_NAME)";
				SDKROOT = watchos;
				SKIP_INSTALL = YES;
				SWIFT_VERSION = 4.2;
				TARGETED_DEVICE_FAMILY = 4;
				WATCHOS_DEPLOYMENT_TARGET = 5.1;
			};
			name = Release;
		};
		B9F6A6032212FCF3003495A2 /* Debug */ = {
			isa = XCBuildConfiguration;
			buildSettings = {
				ASSETCATALOG_COMPILER_APPICON_NAME = AppIcon;
				CODE_SIGN_STYLE = Automatic;
				DEVELOPMENT_TEAM = N9987K9442;
				INFOPLIST_FILE = LunarPhaseSwift/Info.plist;
				LD_RUNPATH_SEARCH_PATHS = (
					"$(inherited)",
					"@executable_path/Frameworks",
				);
				PRODUCT_BUNDLE_IDENTIFIER = com.blogspot.demonicactivity.bush.alan.james.LunarPhaseSwift;
				PRODUCT_NAME = "$(TARGET_NAME)";
				SWIFT_VERSION = 4.2;
				TARGETED_DEVICE_FAMILY = "1,2";
			};
			name = Debug;
		};
		B9F6A6042212FCF3003495A2 /* Release */ = {
			isa = XCBuildConfiguration;
			buildSettings = {
				ASSETCATALOG_COMPILER_APPICON_NAME = AppIcon;
				CODE_SIGN_STYLE = Automatic;
				DEVELOPMENT_TEAM = N9987K9442;
				INFOPLIST_FILE = LunarPhaseSwift/Info.plist;
				LD_RUNPATH_SEARCH_PATHS = (
					"$(inherited)",
					"@executable_path/Frameworks",
				);
				PRODUCT_BUNDLE_IDENTIFIER = com.blogspot.demonicactivity.bush.alan.james.LunarPhaseSwift;
				PRODUCT_NAME = "$(TARGET_NAME)";
				SWIFT_VERSION = 4.2;
				TARGETED_DEVICE_FAMILY = "1,2";
			};
			name = Release;
		};
/* End XCBuildConfiguration section */

/* Begin XCConfigurationList section */
		B9F6A5C12212FCF1003495A2 /* Build configuration list for PBXProject "LunarPhaseSwift" */ = {
			isa = XCConfigurationList;
			buildConfigurations = (
				B9F6A5F82212FCF3003495A2 /* Debug */,
				B9F6A5F92212FCF3003495A2 /* Release */,
			);
			defaultConfigurationIsVisible = 0;
			defaultConfigurationName = Release;
		};
		B9F6A5FA2212FCF3003495A2 /* Build configuration list for PBXNativeTarget "LunarPhaseSwift WatchKit Extension" */ = {
			isa = XCConfigurationList;
			buildConfigurations = (
				B9F6A5FB2212FCF3003495A2 /* Debug */,
				B9F6A5FC2212FCF3003495A2 /* Release */,
			);
			defaultConfigurationIsVisible = 0;
			defaultConfigurationName = Release;
		};
		B9F6A5FE2212FCF3003495A2 /* Build configuration list for PBXNativeTarget "LunarPhaseSwift WatchKit App" */ = {
			isa = XCConfigurationList;
			buildConfigurations = (
				B9F6A5FF2212FCF3003495A2 /* Debug */,
				B9F6A6002212FCF3003495A2 /* Release */,
			);
			defaultConfigurationIsVisible = 0;
			defaultConfigurationName = Release;
		};
		B9F6A6022212FCF3003495A2 /* Build configuration list for PBXNativeTarget "LunarPhaseSwift" */ = {
			isa = XCConfigurationList;
			buildConfigurations = (
				B9F6A6032212FCF3003495A2 /* Debug */,
				B9F6A6042212FCF3003495A2 /* Release */,
			);
			defaultConfigurationIsVisible = 0;
			defaultConfigurationName = Release;
		};
/* End XCConfigurationList section */
	};
	rootObject = B9F6A5BE2212FCF1003495A2 /* Project object */;
}
